PODS:
  - ScrollableStackView (1.0.3)

DEPENDENCIES:
  - ScrollableStackView

SPEC REPOS:
  https://github.com/CocoaPods/Specs.git:
    - ScrollableStackView

SPEC CHECKSUMS:
  ScrollableStackView: c97d7b8cb4432616a7233601ba92455889f94cd4

PODFILE CHECKSUM: 8674d513feacd2c6a99cd01d691ab29a75b63d25

COCOAPODS: 1.11.3
