// !$*UTF8*$!
{
	archiveVersion = 1;
	classes = {
	};
	objectVersion = 55;
	objects = {

/* Begin PBXBuildFile section */
		B42115AD2AAB821000D8D89E /* TWKLausanne-550.otf in Resources */ = {isa = PBXBuildFile; fileRef = B42115862AAB820F00D8D89E /* TWKLausanne-550.otf */; };
		B42115AE2AAB821000D8D89E /* TWKLausanne-800.otf in Resources */ = {isa = PBXBuildFile; fileRef = B42115872AAB820F00D8D89E /* TWKLausanne-800.otf */; };
		B42115AF2AAB821000D8D89E /* TWKLausanne-700Italic.otf in Resources */ = {isa = PBXBuildFile; fileRef = B42115882AAB820F00D8D89E /* TWKLausanne-700Italic.otf */; };
		B42115B02AAB821000D8D89E /* TWKLausanne-250Italic.otf in Resources */ = {isa = PBXBuildFile; fileRef = B42115892AAB820F00D8D89E /* TWKLausanne-250Italic.otf */; };
		B42115B12AAB821000D8D89E /* TWKLausanne-1000Italic.otf in Resources */ = {isa = PBXBuildFile; fileRef = B421158A2AAB820F00D8D89E /* TWKLausanne-1000Italic.otf */; };
		B42115B22AAB821000D8D89E /* TWKLausanne-750.otf in Resources */ = {isa = PBXBuildFile; fileRef = B421158B2AAB820F00D8D89E /* TWKLausanne-750.otf */; };
		B42115B32AAB821000D8D89E /* TWKLausanne-350.otf in Resources */ = {isa = PBXBuildFile; fileRef = B421158C2AAB820F00D8D89E /* TWKLausanne-350.otf */; };
		B42115B42AAB821000D8D89E /* TWKLausanne-1000.otf in Resources */ = {isa = PBXBuildFile; fileRef = B421158D2AAB820F00D8D89E /* TWKLausanne-1000.otf */; };
		B42115B52AAB821000D8D89E /* TWKLausanne-750Italic.otf in Resources */ = {isa = PBXBuildFile; fileRef = B421158E2AAB820F00D8D89E /* TWKLausanne-750Italic.otf */; };
		B42115B62AAB821000D8D89E /* TWKLausanne-200Italic.otf in Resources */ = {isa = PBXBuildFile; fileRef = B421158F2AAB820F00D8D89E /* TWKLausanne-200Italic.otf */; };
		B42115B72AAB821000D8D89E /* TWKLausanne-150.otf in Resources */ = {isa = PBXBuildFile; fileRef = B42115902AAB820F00D8D89E /* TWKLausanne-150.otf */; };
		B42115B82AAB821000D8D89E /* TWKLausanne-450Italic.otf in Resources */ = {isa = PBXBuildFile; fileRef = B42115912AAB820F00D8D89E /* TWKLausanne-450Italic.otf */; };
		B42115B92AAB821000D8D89E /* TWKLausanne-100Italic.otf in Resources */ = {isa = PBXBuildFile; fileRef = B42115922AAB820F00D8D89E /* TWKLausanne-100Italic.otf */; };
		B42115BA2AAB821000D8D89E /* TWKLausanne-650.otf in Resources */ = {isa = PBXBuildFile; fileRef = B42115932AAB820F00D8D89E /* TWKLausanne-650.otf */; };
		B42115BB2AAB821000D8D89E /* TWKLausanne-800Italic.otf in Resources */ = {isa = PBXBuildFile; fileRef = B42115942AAB820F00D8D89E /* TWKLausanne-800Italic.otf */; };
		B42115BC2AAB821000D8D89E /* TWKLausanne-450.otf in Resources */ = {isa = PBXBuildFile; fileRef = B42115952AAB820F00D8D89E /* TWKLausanne-450.otf */; };
		B42115BD2AAB821000D8D89E /* TWKLausanne-900.otf in Resources */ = {isa = PBXBuildFile; fileRef = B42115962AAB820F00D8D89E /* TWKLausanne-900.otf */; };
		B42115BE2AAB821000D8D89E /* TWKLausanne-850Italic.otf in Resources */ = {isa = PBXBuildFile; fileRef = B42115972AAB820F00D8D89E /* TWKLausanne-850Italic.otf */; };
		B42115BF2AAB821000D8D89E /* TWKLausanne-50Italic.otf in Resources */ = {isa = PBXBuildFile; fileRef = B42115982AAB820F00D8D89E /* TWKLausanne-50Italic.otf */; };
		B42115C02AAB821000D8D89E /* TWKLausanne-250.otf in Resources */ = {isa = PBXBuildFile; fileRef = B42115992AAB820F00D8D89E /* TWKLausanne-250.otf */; };
		B42115C12AAB821000D8D89E /* TWKLausanne-400Italic.otf in Resources */ = {isa = PBXBuildFile; fileRef = B421159A2AAB820F00D8D89E /* TWKLausanne-400Italic.otf */; };
		B42115C22AAB821000D8D89E /* TWKLausanne-150Italic.otf in Resources */ = {isa = PBXBuildFile; fileRef = B421159B2AAB820F00D8D89E /* TWKLausanne-150Italic.otf */; };
		B42115C32AAB821000D8D89E /* TWKLausanne-300Italic.otf in Resources */ = {isa = PBXBuildFile; fileRef = B421159C2AAB820F00D8D89E /* TWKLausanne-300Italic.otf */; };
		B42115C42AAB821000D8D89E /* TWKLausanne-650Italic.otf in Resources */ = {isa = PBXBuildFile; fileRef = B421159D2AAB820F00D8D89E /* TWKLausanne-650Italic.otf */; };
		B42115C52AAB821000D8D89E /* TWKLausanne-300.otf in Resources */ = {isa = PBXBuildFile; fileRef = B421159E2AAB820F00D8D89E /* TWKLausanne-300.otf */; };
		B42115C62AAB821000D8D89E /* TWKLausanne-500.otf in Resources */ = {isa = PBXBuildFile; fileRef = B421159F2AAB820F00D8D89E /* TWKLausanne-500.otf */; };
		B42115C72AAB821000D8D89E /* TWKLausanne-850.otf in Resources */ = {isa = PBXBuildFile; fileRef = B42115A02AAB820F00D8D89E /* TWKLausanne-850.otf */; };
		B42115C82AAB821000D8D89E /* TWKLausanne-50.otf in Resources */ = {isa = PBXBuildFile; fileRef = B42115A12AAB820F00D8D89E /* TWKLausanne-50.otf */; };
		B42115C92AAB821000D8D89E /* TWKLausanne-350Italic.otf in Resources */ = {isa = PBXBuildFile; fileRef = B42115A22AAB820F00D8D89E /* TWKLausanne-350Italic.otf */; };
		B42115CA2AAB821000D8D89E /* TWKLausanne-600Italic.otf in Resources */ = {isa = PBXBuildFile; fileRef = B42115A32AAB820F00D8D89E /* TWKLausanne-600Italic.otf */; };
		B42115CB2AAB821000D8D89E /* TWKLausanne-700.otf in Resources */ = {isa = PBXBuildFile; fileRef = B42115A42AAB820F00D8D89E /* TWKLausanne-700.otf */; };
		B42115CC2AAB821000D8D89E /* TWKLausanne-500Italic.otf in Resources */ = {isa = PBXBuildFile; fileRef = B42115A52AAB820F00D8D89E /* TWKLausanne-500Italic.otf */; };
		B42115CD2AAB821000D8D89E /* TWKLausanne-200.otf in Resources */ = {isa = PBXBuildFile; fileRef = B42115A62AAB820F00D8D89E /* TWKLausanne-200.otf */; };
		B42115CE2AAB821000D8D89E /* TWKLausanne-950Italic.otf in Resources */ = {isa = PBXBuildFile; fileRef = B42115A72AAB820F00D8D89E /* TWKLausanne-950Italic.otf */; };
		B42115CF2AAB821000D8D89E /* TWKLausanne-600.otf in Resources */ = {isa = PBXBuildFile; fileRef = B42115A82AAB820F00D8D89E /* TWKLausanne-600.otf */; };
		B42115D02AAB821000D8D89E /* TWKLausanne-900Italic.otf in Resources */ = {isa = PBXBuildFile; fileRef = B42115A92AAB820F00D8D89E /* TWKLausanne-900Italic.otf */; };
		B42115D12AAB821000D8D89E /* TWKLausanne-400.otf in Resources */ = {isa = PBXBuildFile; fileRef = B42115AA2AAB820F00D8D89E /* TWKLausanne-400.otf */; };
		B42115D22AAB821000D8D89E /* TWKLausanne-950.otf in Resources */ = {isa = PBXBuildFile; fileRef = B42115AB2AAB820F00D8D89E /* TWKLausanne-950.otf */; };
		B42115D32AAB821000D8D89E /* TWKLausanne-550Italic.otf in Resources */ = {isa = PBXBuildFile; fileRef = B42115AC2AAB821000D8D89E /* TWKLausanne-550Italic.otf */; };
		B477E0542AF29CD00035AFBF /* RectangularCell.xib in Resources */ = {isa = PBXBuildFile; fileRef = B477E0532AF29CD00035AFBF /* RectangularCell.xib */; };
		B477E05A2AF2A0440035AFBF /* PresentationCollectionViewCell.swift in Sources */ = {isa = PBXBuildFile; fileRef = B477E0592AF2A0440035AFBF /* PresentationCollectionViewCell.swift */; };
		B477E05C2AF2A3290035AFBF /* VerticalCell.xib in Resources */ = {isa = PBXBuildFile; fileRef = B477E05B2AF2A3290035AFBF /* VerticalCell.xib */; };
		B477E05F2AF2AE890035AFBF /* PresentationDto.swift in Sources */ = {isa = PBXBuildFile; fileRef = B477E05E2AF2AE890035AFBF /* PresentationDto.swift */; };
		B477E0622AF2C79D0035AFBF /* OrderedCollections in Frameworks */ = {isa = PBXBuildFile; productRef = B477E0612AF2C79D0035AFBF /* OrderedCollections */; };
		B4A02DB72A5DBE9F00F83153 /* AppDelegate.swift in Sources */ = {isa = PBXBuildFile; fileRef = B4A02DB62A5DBE9F00F83153 /* AppDelegate.swift */; };
		B4A02DB92A5DBE9F00F83153 /* SceneDelegate.swift in Sources */ = {isa = PBXBuildFile; fileRef = B4A02DB82A5DBE9F00F83153 /* SceneDelegate.swift */; };
		B4A02DBE2A5DBE9F00F83153 /* Main.storyboard in Resources */ = {isa = PBXBuildFile; fileRef = B4A02DBC2A5DBE9F00F83153 /* Main.storyboard */; };
		B4A02DC02A5DBEA100F83153 /* Assets.xcassets in Resources */ = {isa = PBXBuildFile; fileRef = B4A02DBF2A5DBEA100F83153 /* Assets.xcassets */; };
		B4A02DC32A5DBEA100F83153 /* LaunchScreen.storyboard in Resources */ = {isa = PBXBuildFile; fileRef = B4A02DC12A5DBEA100F83153 /* LaunchScreen.storyboard */; };
		B4A02DD82A5DC4E500F83153 /* PresentationViewController.swift in Sources */ = {isa = PBXBuildFile; fileRef = B4A02DD72A5DC4E500F83153 /* PresentationViewController.swift */; };
		B4A02DDC2A5DCB4000F83153 /* AppMenuViewController.swift in Sources */ = {isa = PBXBuildFile; fileRef = B4A02DDB2A5DCB4000F83153 /* AppMenuViewController.swift */; };
		B4B373122AC9AF2400579205 /* Presentation.storyboard in Resources */ = {isa = PBXBuildFile; fileRef = B4B373112AC9AF2400579205 /* Presentation.storyboard */; };
		B4EAB7FE2A648672001144DA /* IntroViewController.swift in Sources */ = {isa = PBXBuildFile; fileRef = B4EAB7FC2A6097AA001144DA /* IntroViewController.swift */; };
		B4EAB8002A64996A001144DA /* PresentationViewService.swift in Sources */ = {isa = PBXBuildFile; fileRef = B4EAB7FF2A64996A001144DA /* PresentationViewService.swift */; };
		B4EAB8022A64999C001144DA /* PresentationViewRepository.swift in Sources */ = {isa = PBXBuildFile; fileRef = B4EAB8012A64999C001144DA /* PresentationViewRepository.swift */; };
		B4EAB8052A654905001144DA /* PresentationViewExceptions.swift in Sources */ = {isa = PBXBuildFile; fileRef = B4EAB8042A654905001144DA /* PresentationViewExceptions.swift */; };
		B4EAB80C2A695A75001144DA /* PresentationViewDao.swift in Sources */ = {isa = PBXBuildFile; fileRef = B4EAB80B2A695A75001144DA /* PresentationViewDao.swift */; };
/* End PBXBuildFile section */

/* Begin PBXFileReference section */
		B409B3F82A74675D00FB3C1F /* IgorTestApp.entitlements */ = {isa = PBXFileReference; lastKnownFileType = text.plist.entitlements; path = IgorTestApp.entitlements; sourceTree = "<group>"; };
		B42115862AAB820F00D8D89E /* TWKLausanne-550.otf */ = {isa = PBXFileReference; lastKnownFileType = file; path = "TWKLausanne-550.otf"; sourceTree = "<group>"; };
		B42115872AAB820F00D8D89E /* TWKLausanne-800.otf */ = {isa = PBXFileReference; lastKnownFileType = file; path = "TWKLausanne-800.otf"; sourceTree = "<group>"; };
		B42115882AAB820F00D8D89E /* TWKLausanne-700Italic.otf */ = {isa = PBXFileReference; lastKnownFileType = file; path = "TWKLausanne-700Italic.otf"; sourceTree = "<group>"; };
		B42115892AAB820F00D8D89E /* TWKLausanne-250Italic.otf */ = {isa = PBXFileReference; lastKnownFileType = file; path = "TWKLausanne-250Italic.otf"; sourceTree = "<group>"; };
		B421158A2AAB820F00D8D89E /* TWKLausanne-1000Italic.otf */ = {isa = PBXFileReference; lastKnownFileType = file; path = "TWKLausanne-1000Italic.otf"; sourceTree = "<group>"; };
		B421158B2AAB820F00D8D89E /* TWKLausanne-750.otf */ = {isa = PBXFileReference; lastKnownFileType = file; path = "TWKLausanne-750.otf"; sourceTree = "<group>"; };
		B421158C2AAB820F00D8D89E /* TWKLausanne-350.otf */ = {isa = PBXFileReference; lastKnownFileType = file; path = "TWKLausanne-350.otf"; sourceTree = "<group>"; };
		B421158D2AAB820F00D8D89E /* TWKLausanne-1000.otf */ = {isa = PBXFileReference; lastKnownFileType = file; path = "TWKLausanne-1000.otf"; sourceTree = "<group>"; };
		B421158E2AAB820F00D8D89E /* TWKLausanne-750Italic.otf */ = {isa = PBXFileReference; lastKnownFileType = file; path = "TWKLausanne-750Italic.otf"; sourceTree = "<group>"; };
		B421158F2AAB820F00D8D89E /* TWKLausanne-200Italic.otf */ = {isa = PBXFileReference; lastKnownFileType = file; path = "TWKLausanne-200Italic.otf"; sourceTree = "<group>"; };
		B42115902AAB820F00D8D89E /* TWKLausanne-150.otf */ = {isa = PBXFileReference; lastKnownFileType = file; path = "TWKLausanne-150.otf"; sourceTree = "<group>"; };
		B42115912AAB820F00D8D89E /* TWKLausanne-450Italic.otf */ = {isa = PBXFileReference; lastKnownFileType = file; path = "TWKLausanne-450Italic.otf"; sourceTree = "<group>"; };
		B42115922AAB820F00D8D89E /* TWKLausanne-100Italic.otf */ = {isa = PBXFileReference; lastKnownFileType = file; path = "TWKLausanne-100Italic.otf"; sourceTree = "<group>"; };
		B42115932AAB820F00D8D89E /* TWKLausanne-650.otf */ = {isa = PBXFileReference; lastKnownFileType = file; path = "TWKLausanne-650.otf"; sourceTree = "<group>"; };
		B42115942AAB820F00D8D89E /* TWKLausanne-800Italic.otf */ = {isa = PBXFileReference; lastKnownFileType = file; path = "TWKLausanne-800Italic.otf"; sourceTree = "<group>"; };
		B42115952AAB820F00D8D89E /* TWKLausanne-450.otf */ = {isa = PBXFileReference; lastKnownFileType = file; path = "TWKLausanne-450.otf"; sourceTree = "<group>"; };
		B42115962AAB820F00D8D89E /* TWKLausanne-900.otf */ = {isa = PBXFileReference; lastKnownFileType = file; path = "TWKLausanne-900.otf"; sourceTree = "<group>"; };
		B42115972AAB820F00D8D89E /* TWKLausanne-850Italic.otf */ = {isa = PBXFileReference; lastKnownFileType = file; path = "TWKLausanne-850Italic.otf"; sourceTree = "<group>"; };
		B42115982AAB820F00D8D89E /* TWKLausanne-50Italic.otf */ = {isa = PBXFileReference; lastKnownFileType = file; path = "TWKLausanne-50Italic.otf"; sourceTree = "<group>"; };
		B42115992AAB820F00D8D89E /* TWKLausanne-250.otf */ = {isa = PBXFileReference; lastKnownFileType = file; path = "TWKLausanne-250.otf"; sourceTree = "<group>"; };
		B421159A2AAB820F00D8D89E /* TWKLausanne-400Italic.otf */ = {isa = PBXFileReference; lastKnownFileType = file; path = "TWKLausanne-400Italic.otf"; sourceTree = "<group>"; };
		B421159B2AAB820F00D8D89E /* TWKLausanne-150Italic.otf */ = {isa = PBXFileReference; lastKnownFileType = file; path = "TWKLausanne-150Italic.otf"; sourceTree = "<group>"; };
		B421159C2AAB820F00D8D89E /* TWKLausanne-300Italic.otf */ = {isa = PBXFileReference; lastKnownFileType = file; path = "TWKLausanne-300Italic.otf"; sourceTree = "<group>"; };
		B421159D2AAB820F00D8D89E /* TWKLausanne-650Italic.otf */ = {isa = PBXFileReference; lastKnownFileType = file; path = "TWKLausanne-650Italic.otf"; sourceTree = "<group>"; };
		B421159E2AAB820F00D8D89E /* TWKLausanne-300.otf */ = {isa = PBXFileReference; lastKnownFileType = file; path = "TWKLausanne-300.otf"; sourceTree = "<group>"; };
		B421159F2AAB820F00D8D89E /* TWKLausanne-500.otf */ = {isa = PBXFileReference; lastKnownFileType = file; path = "TWKLausanne-500.otf"; sourceTree = "<group>"; };
		B42115A02AAB820F00D8D89E /* TWKLausanne-850.otf */ = {isa = PBXFileReference; lastKnownFileType = file; path = "TWKLausanne-850.otf"; sourceTree = "<group>"; };
		B42115A12AAB820F00D8D89E /* TWKLausanne-50.otf */ = {isa = PBXFileReference; lastKnownFileType = file; path = "TWKLausanne-50.otf"; sourceTree = "<group>"; };
		B42115A22AAB820F00D8D89E /* TWKLausanne-350Italic.otf */ = {isa = PBXFileReference; lastKnownFileType = file; path = "TWKLausanne-350Italic.otf"; sourceTree = "<group>"; };
		B42115A32AAB820F00D8D89E /* TWKLausanne-600Italic.otf */ = {isa = PBXFileReference; lastKnownFileType = file; path = "TWKLausanne-600Italic.otf"; sourceTree = "<group>"; };
		B42115A42AAB820F00D8D89E /* TWKLausanne-700.otf */ = {isa = PBXFileReference; lastKnownFileType = file; path = "TWKLausanne-700.otf"; sourceTree = "<group>"; };
		B42115A52AAB820F00D8D89E /* TWKLausanne-500Italic.otf */ = {isa = PBXFileReference; lastKnownFileType = file; path = "TWKLausanne-500Italic.otf"; sourceTree = "<group>"; };
		B42115A62AAB820F00D8D89E /* TWKLausanne-200.otf */ = {isa = PBXFileReference; lastKnownFileType = file; path = "TWKLausanne-200.otf"; sourceTree = "<group>"; };
		B42115A72AAB820F00D8D89E /* TWKLausanne-950Italic.otf */ = {isa = PBXFileReference; lastKnownFileType = file; path = "TWKLausanne-950Italic.otf"; sourceTree = "<group>"; };
		B42115A82AAB820F00D8D89E /* TWKLausanne-600.otf */ = {isa = PBXFileReference; lastKnownFileType = file; path = "TWKLausanne-600.otf"; sourceTree = "<group>"; };
		B42115A92AAB820F00D8D89E /* TWKLausanne-900Italic.otf */ = {isa = PBXFileReference; lastKnownFileType = file; path = "TWKLausanne-900Italic.otf"; sourceTree = "<group>"; };
		B42115AA2AAB820F00D8D89E /* TWKLausanne-400.otf */ = {isa = PBXFileReference; lastKnownFileType = file; path = "TWKLausanne-400.otf"; sourceTree = "<group>"; };
		B42115AB2AAB820F00D8D89E /* TWKLausanne-950.otf */ = {isa = PBXFileReference; lastKnownFileType = file; path = "TWKLausanne-950.otf"; sourceTree = "<group>"; };
		B42115AC2AAB821000D8D89E /* TWKLausanne-550Italic.otf */ = {isa = PBXFileReference; lastKnownFileType = file; path = "TWKLausanne-550Italic.otf"; sourceTree = "<group>"; };
		B477E0532AF29CD00035AFBF /* RectangularCell.xib */ = {isa = PBXFileReference; lastKnownFileType = file.xib; path = RectangularCell.xib; sourceTree = "<group>"; };
		B477E0592AF2A0440035AFBF /* PresentationCollectionViewCell.swift */ = {isa = PBXFileReference; lastKnownFileType = sourcecode.swift; path = PresentationCollectionViewCell.swift; sourceTree = "<group>"; };
		B477E05B2AF2A3290035AFBF /* VerticalCell.xib */ = {isa = PBXFileReference; lastKnownFileType = file.xib; path = VerticalCell.xib; sourceTree = "<group>"; };
		B477E05E2AF2AE890035AFBF /* PresentationDto.swift */ = {isa = PBXFileReference; lastKnownFileType = sourcecode.swift; path = PresentationDto.swift; sourceTree = "<group>"; };
		B4A02DB32A5DBE9F00F83153 /* IgorTestApp.app */ = {isa = PBXFileReference; explicitFileType = wrapper.application; includeInIndex = 0; path = IgorTestApp.app; sourceTree = BUILT_PRODUCTS_DIR; };
		B4A02DB62A5DBE9F00F83153 /* AppDelegate.swift */ = {isa = PBXFileReference; lastKnownFileType = sourcecode.swift; path = AppDelegate.swift; sourceTree = "<group>"; };
		B4A02DB82A5DBE9F00F83153 /* SceneDelegate.swift */ = {isa = PBXFileReference; lastKnownFileType = sourcecode.swift; path = SceneDelegate.swift; sourceTree = "<group>"; };
		B4A02DBD2A5DBE9F00F83153 /* Base */ = {isa = PBXFileReference; lastKnownFileType = file.storyboard; name = Base; path = Base.lproj/Main.storyboard; sourceTree = "<group>"; };
		B4A02DBF2A5DBEA100F83153 /* Assets.xcassets */ = {isa = PBXFileReference; lastKnownFileType = folder.assetcatalog; path = Assets.xcassets; sourceTree = "<group>"; };
		B4A02DC22A5DBEA100F83153 /* Base */ = {isa = PBXFileReference; lastKnownFileType = file.storyboard; name = Base; path = Base.lproj/LaunchScreen.storyboard; sourceTree = "<group>"; };
		B4A02DC42A5DBEA100F83153 /* Info.plist */ = {isa = PBXFileReference; lastKnownFileType = text.plist.xml; path = Info.plist; sourceTree = "<group>"; };
		B4A02DD72A5DC4E500F83153 /* PresentationViewController.swift */ = {isa = PBXFileReference; lastKnownFileType = sourcecode.swift; path = PresentationViewController.swift; sourceTree = "<group>"; };
		B4A02DDB2A5DCB4000F83153 /* AppMenuViewController.swift */ = {isa = PBXFileReference; lastKnownFileType = sourcecode.swift; path = AppMenuViewController.swift; sourceTree = "<group>"; };
		B4B373112AC9AF2400579205 /* Presentation.storyboard */ = {isa = PBXFileReference; lastKnownFileType = file.storyboard; path = Presentation.storyboard; sourceTree = "<group>"; };
		B4B9C6E62A9CFE52004D4616 /* IgorTestAppRelease.entitlements */ = {isa = PBXFileReference; lastKnownFileType = text.plist.entitlements; path = IgorTestAppRelease.entitlements; sourceTree = "<group>"; };
		B4EAB7FC2A6097AA001144DA /* IntroViewController.swift */ = {isa = PBXFileReference; lastKnownFileType = sourcecode.swift; path = IntroViewController.swift; sourceTree = "<group>"; };
		B4EAB7FF2A64996A001144DA /* PresentationViewService.swift */ = {isa = PBXFileReference; lastKnownFileType = sourcecode.swift; path = PresentationViewService.swift; sourceTree = "<group>"; };
		B4EAB8012A64999C001144DA /* PresentationViewRepository.swift */ = {isa = PBXFileReference; lastKnownFileType = sourcecode.swift; path = PresentationViewRepository.swift; sourceTree = "<group>"; };
		B4EAB8042A654905001144DA /* PresentationViewExceptions.swift */ = {isa = PBXFileReference; lastKnownFileType = sourcecode.swift; path = PresentationViewExceptions.swift; sourceTree = "<group>"; };
		B4EAB80B2A695A75001144DA /* PresentationViewDao.swift */ = {isa = PBXFileReference; lastKnownFileType = sourcecode.swift; path = PresentationViewDao.swift; sourceTree = "<group>"; };
/* End PBXFileReference section */

/* Begin PBXFrameworksBuildPhase section */
		B4A02DB02A5DBE9F00F83153 /* Frameworks */ = {
			isa = PBXFrameworksBuildPhase;
			buildActionMask = 2147483647;
			files = (
				B477E0622AF2C79D0035AFBF /* OrderedCollections in Frameworks */,
			);
			runOnlyForDeploymentPostprocessing = 0;
		};
/* End PBXFrameworksBuildPhase section */

/* Begin PBXGroup section */
		B42115852AAB820F00D8D89E /* Lausanne */ = {
			isa = PBXGroup;
			children = (
				B42115862AAB820F00D8D89E /* TWKLausanne-550.otf */,
				B42115872AAB820F00D8D89E /* TWKLausanne-800.otf */,
				B42115882AAB820F00D8D89E /* TWKLausanne-700Italic.otf */,
				B42115892AAB820F00D8D89E /* TWKLausanne-250Italic.otf */,
				B421158A2AAB820F00D8D89E /* TWKLausanne-1000Italic.otf */,
				B421158B2AAB820F00D8D89E /* TWKLausanne-750.otf */,
				B421158C2AAB820F00D8D89E /* TWKLausanne-350.otf */,
				B421158D2AAB820F00D8D89E /* TWKLausanne-1000.otf */,
				B421158E2AAB820F00D8D89E /* TWKLausanne-750Italic.otf */,
				B421158F2AAB820F00D8D89E /* TWKLausanne-200Italic.otf */,
				B42115902AAB820F00D8D89E /* TWKLausanne-150.otf */,
				B42115912AAB820F00D8D89E /* TWKLausanne-450Italic.otf */,
				B42115922AAB820F00D8D89E /* TWKLausanne-100Italic.otf */,
				B42115932AAB820F00D8D89E /* TWKLausanne-650.otf */,
				B42115942AAB820F00D8D89E /* TWKLausanne-800Italic.otf */,
				B42115952AAB820F00D8D89E /* TWKLausanne-450.otf */,
				B42115962AAB820F00D8D89E /* TWKLausanne-900.otf */,
				B42115972AAB820F00D8D89E /* TWKLausanne-850Italic.otf */,
				B42115982AAB820F00D8D89E /* TWKLausanne-50Italic.otf */,
				B42115992AAB820F00D8D89E /* TWKLausanne-250.otf */,
				B421159A2AAB820F00D8D89E /* TWKLausanne-400Italic.otf */,
				B421159B2AAB820F00D8D89E /* TWKLausanne-150Italic.otf */,
				B421159C2AAB820F00D8D89E /* TWKLausanne-300Italic.otf */,
				B421159D2AAB820F00D8D89E /* TWKLausanne-650Italic.otf */,
				B421159E2AAB820F00D8D89E /* TWKLausanne-300.otf */,
				B421159F2AAB820F00D8D89E /* TWKLausanne-500.otf */,
				B42115A02AAB820F00D8D89E /* TWKLausanne-850.otf */,
				B42115A12AAB820F00D8D89E /* TWKLausanne-50.otf */,
				B42115A22AAB820F00D8D89E /* TWKLausanne-350Italic.otf */,
				B42115A32AAB820F00D8D89E /* TWKLausanne-600Italic.otf */,
				B42115A42AAB820F00D8D89E /* TWKLausanne-700.otf */,
				B42115A52AAB820F00D8D89E /* TWKLausanne-500Italic.otf */,
				B42115A62AAB820F00D8D89E /* TWKLausanne-200.otf */,
				B42115A72AAB820F00D8D89E /* TWKLausanne-950Italic.otf */,
				B42115A82AAB820F00D8D89E /* TWKLausanne-600.otf */,
				B42115A92AAB820F00D8D89E /* TWKLausanne-900Italic.otf */,
				B42115AA2AAB820F00D8D89E /* TWKLausanne-400.otf */,
				B42115AB2AAB820F00D8D89E /* TWKLausanne-950.otf */,
				B42115AC2AAB821000D8D89E /* TWKLausanne-550Italic.otf */,
			);
			path = Lausanne;
			sourceTree = "<group>";
		};
		B477E0522AF29BEB0035AFBF /* custom-cells */ = {
			isa = PBXGroup;
			children = (
				B477E0532AF29CD00035AFBF /* RectangularCell.xib */,
				B477E05B2AF2A3290035AFBF /* VerticalCell.xib */,
			);
			path = "custom-cells";
			sourceTree = "<group>";
		};
		B477E05D2AF2AE5B0035AFBF /* dto */ = {
			isa = PBXGroup;
			children = (
				B477E05E2AF2AE890035AFBF /* PresentationDto.swift */,
			);
			path = dto;
			sourceTree = "<group>";
		};
		B4A02DAA2A5DBE9F00F83153 = {
			isa = PBXGroup;
			children = (
				B42115852AAB820F00D8D89E /* Lausanne */,
				B4A02DB52A5DBE9F00F83153 /* IgorTestApp */,
				B4A02DB42A5DBE9F00F83153 /* Products */,
			);
			sourceTree = "<group>";
		};
		B4A02DB42A5DBE9F00F83153 /* Products */ = {
			isa = PBXGroup;
			children = (
				B4A02DB32A5DBE9F00F83153 /* IgorTestApp.app */,
			);
			name = Products;
			sourceTree = "<group>";
		};
		B4A02DB52A5DBE9F00F83153 /* IgorTestApp */ = {
			isa = PBXGroup;
			children = (
				B4B9C6E62A9CFE52004D4616 /* IgorTestAppRelease.entitlements */,
				B409B3F82A74675D00FB3C1F /* IgorTestApp.entitlements */,
				B477E05D2AF2AE5B0035AFBF /* dto */,
				B4EAB8032A6548ED001144DA /* exceptions */,
				B4A02DD22A5DBFD100F83153 /* persistance */,
				B4A02DD12A5DBFCB00F83153 /* service */,
				B4A02DCC2A5DBEC600F83153 /* controller */,
				B4A02DCB2A5DBEC100F83153 /* view */,
				B4A02DB62A5DBE9F00F83153 /* AppDelegate.swift */,
				B4A02DB82A5DBE9F00F83153 /* SceneDelegate.swift */,
				B4A02DBF2A5DBEA100F83153 /* Assets.xcassets */,
				B4A02DC12A5DBEA100F83153 /* LaunchScreen.storyboard */,
				B4A02DC42A5DBEA100F83153 /* Info.plist */,
			);
			path = IgorTestApp;
			sourceTree = "<group>";
		};
		B4A02DCB2A5DBEC100F83153 /* view */ = {
			isa = PBXGroup;
			children = (
				B477E0522AF29BEB0035AFBF /* custom-cells */,
				B4A02DBC2A5DBE9F00F83153 /* Main.storyboard */,
				B4B373112AC9AF2400579205 /* Presentation.storyboard */,
			);
			path = view;
			sourceTree = "<group>";
		};
		B4A02DCC2A5DBEC600F83153 /* controller */ = {
			isa = PBXGroup;
			children = (
				B4A02DD72A5DC4E500F83153 /* PresentationViewController.swift */,
				B4A02DDB2A5DCB4000F83153 /* AppMenuViewController.swift */,
				B4EAB7FC2A6097AA001144DA /* IntroViewController.swift */,
				B477E0592AF2A0440035AFBF /* PresentationCollectionViewCell.swift */,
			);
			path = controller;
			sourceTree = "<group>";
		};
		B4A02DD12A5DBFCB00F83153 /* service */ = {
			isa = PBXGroup;
			children = (
				B4EAB7FF2A64996A001144DA /* PresentationViewService.swift */,
			);
			path = service;
			sourceTree = "<group>";
		};
		B4A02DD22A5DBFD100F83153 /* persistance */ = {
			isa = PBXGroup;
			children = (
				B4EAB8062A65C375001144DA /* dao */,
				B4EAB8012A64999C001144DA /* PresentationViewRepository.swift */,
			);
			path = persistance;
			sourceTree = "<group>";
		};
		B4EAB8032A6548ED001144DA /* exceptions */ = {
			isa = PBXGroup;
			children = (
				B4EAB8042A654905001144DA /* PresentationViewExceptions.swift */,
			);
			path = exceptions;
			sourceTree = "<group>";
		};
		B4EAB8062A65C375001144DA /* dao */ = {
			isa = PBXGroup;
			children = (
				B4EAB80B2A695A75001144DA /* PresentationViewDao.swift */,
			);
			path = dao;
			sourceTree = "<group>";
		};
/* End PBXGroup section */

/* Begin PBXNativeTarget section */
		B4A02DB22A5DBE9F00F83153 /* IgorTestApp */ = {
			isa = PBXNativeTarget;
			buildConfigurationList = B4A02DC72A5DBEA100F83153 /* Build configuration list for PBXNativeTarget "IgorTestApp" */;
			buildPhases = (
				B4A02DAF2A5DBE9F00F83153 /* Sources */,
				B4A02DB02A5DBE9F00F83153 /* Frameworks */,
				B4A02DB12A5DBE9F00F83153 /* Resources */,
			);
			buildRules = (
			);
			dependencies = (
			);
			name = IgorTestApp;
			packageProductDependencies = (
				B477E0612AF2C79D0035AFBF /* OrderedCollections */,
			);
			productName = IgorTestApp;
			productReference = B4A02DB32A5DBE9F00F83153 /* IgorTestApp.app */;
			productType = "com.apple.product-type.application";
		};
/* End PBXNativeTarget section */

/* Begin PBXProject section */
		B4A02DAB2A5DBE9F00F83153 /* Project object */ = {
			isa = PBXProject;
			attributes = {
				BuildIndependentTargetsInParallel = 1;
				LastSwiftUpdateCheck = 1340;
				LastUpgradeCheck = 1340;
				TargetAttributes = {
					B4A02DB22A5DBE9F00F83153 = {
						CreatedOnToolsVersion = 13.4.1;
					};
				};
			};
			buildConfigurationList = B4A02DAE2A5DBE9F00F83153 /* Build configuration list for PBXProject "IgorTestApp" */;
			compatibilityVersion = "Xcode 13.0";
			developmentRegion = en;
			hasScannedForEncodings = 0;
			knownRegions = (
				en,
				Base,
			);
			mainGroup = B4A02DAA2A5DBE9F00F83153;
			packageReferences = (
				B477E0602AF2C79D0035AFBF /* XCRemoteSwiftPackageReference "swift-collections" */,
			);
			productRefGroup = B4A02DB42A5DBE9F00F83153 /* Products */;
			projectDirPath = "";
			projectRoot = "";
			targets = (
				B4A02DB22A5DBE9F00F83153 /* IgorTestApp */,
			);
		};
/* End PBXProject section */

/* Begin PBXResourcesBuildPhase section */
		B4A02DB12A5DBE9F00F83153 /* Resources */ = {
			isa = PBXResourcesBuildPhase;
			buildActionMask = 2147483647;
			files = (
				B42115B82AAB821000D8D89E /* TWKLausanne-450Italic.otf in Resources */,
				B42115B92AAB821000D8D89E /* TWKLausanne-100Italic.otf in Resources */,
				B42115D32AAB821000D8D89E /* TWKLausanne-550Italic.otf in Resources */,
				B42115C52AAB821000D8D89E /* TWKLausanne-300.otf in Resources */,
				B42115C32AAB821000D8D89E /* TWKLausanne-300Italic.otf in Resources */,
				B42115CC2AAB821000D8D89E /* TWKLausanne-500Italic.otf in Resources */,
				B42115C62AAB821000D8D89E /* TWKLausanne-500.otf in Resources */,
				B42115D12AAB821000D8D89E /* TWKLausanne-400.otf in Resources */,
				B42115C22AAB821000D8D89E /* TWKLausanne-150Italic.otf in Resources */,
				B42115AF2AAB821000D8D89E /* TWKLausanne-700Italic.otf in Resources */,
				B42115BE2AAB821000D8D89E /* TWKLausanne-850Italic.otf in Resources */,
				B42115B02AAB821000D8D89E /* TWKLausanne-250Italic.otf in Resources */,
				B477E05C2AF2A3290035AFBF /* VerticalCell.xib in Resources */,
				B477E0542AF29CD00035AFBF /* RectangularCell.xib in Resources */,
				B42115BB2AAB821000D8D89E /* TWKLausanne-800Italic.otf in Resources */,
				B4A02DC32A5DBEA100F83153 /* LaunchScreen.storyboard in Resources */,
				B4A02DC02A5DBEA100F83153 /* Assets.xcassets in Resources */,
				B42115CE2AAB821000D8D89E /* TWKLausanne-950Italic.otf in Resources */,
				B42115C92AAB821000D8D89E /* TWKLausanne-350Italic.otf in Resources */,
				B42115C12AAB821000D8D89E /* TWKLausanne-400Italic.otf in Resources */,
				B42115CF2AAB821000D8D89E /* TWKLausanne-600.otf in Resources */,
				B42115B52AAB821000D8D89E /* TWKLausanne-750Italic.otf in Resources */,
				B42115BC2AAB821000D8D89E /* TWKLausanne-450.otf in Resources */,
				B42115AE2AAB821000D8D89E /* TWKLausanne-800.otf in Resources */,
				B42115CB2AAB821000D8D89E /* TWKLausanne-700.otf in Resources */,
				B42115B22AAB821000D8D89E /* TWKLausanne-750.otf in Resources */,
				B42115BA2AAB821000D8D89E /* TWKLausanne-650.otf in Resources */,
				B42115B12AAB821000D8D89E /* TWKLausanne-1000Italic.otf in Resources */,
				B42115C72AAB821000D8D89E /* TWKLausanne-850.otf in Resources */,
				B42115C02AAB821000D8D89E /* TWKLausanne-250.otf in Resources */,
				B4A02DBE2A5DBE9F00F83153 /* Main.storyboard in Resources */,
				B42115AD2AAB821000D8D89E /* TWKLausanne-550.otf in Resources */,
				B42115B42AAB821000D8D89E /* TWKLausanne-1000.otf in Resources */,
				B42115C42AAB821000D8D89E /* TWKLausanne-650Italic.otf in Resources */,
				B42115B72AAB821000D8D89E /* TWKLausanne-150.otf in Resources */,
				B42115D22AAB821000D8D89E /* TWKLausanne-950.otf in Resources */,
				B42115CA2AAB821000D8D89E /* TWKLausanne-600Italic.otf in Resources */,
				B42115B32AAB821000D8D89E /* TWKLausanne-350.otf in Resources */,
				B42115CD2AAB821000D8D89E /* TWKLausanne-200.otf in Resources */,
				B4B373122AC9AF2400579205 /* Presentation.storyboard in Resources */,
				B42115C82AAB821000D8D89E /* TWKLausanne-50.otf in Resources */,
				B42115D02AAB821000D8D89E /* TWKLausanne-900Italic.otf in Resources */,
				B42115B62AAB821000D8D89E /* TWKLausanne-200Italic.otf in Resources */,
				B42115BF2AAB821000D8D89E /* TWKLausanne-50Italic.otf in Resources */,
				B42115BD2AAB821000D8D89E /* TWKLausanne-900.otf in Resources */,
			);
			runOnlyForDeploymentPostprocessing = 0;
		};
/* End PBXResourcesBuildPhase section */

/* Begin PBXSourcesBuildPhase section */
		B4A02DAF2A5DBE9F00F83153 /* Sources */ = {
			isa = PBXSourcesBuildPhase;
			buildActionMask = 2147483647;
			files = (
				B4EAB8052A654905001144DA /* PresentationViewExceptions.swift in Sources */,
				B4A02DDC2A5DCB4000F83153 /* AppMenuViewController.swift in Sources */,
				B4EAB8022A64999C001144DA /* PresentationViewRepository.swift in Sources */,
				B477E05F2AF2AE890035AFBF /* PresentationDto.swift in Sources */,
				B4EAB7FE2A648672001144DA /* IntroViewController.swift in Sources */,
				B4EAB8002A64996A001144DA /* PresentationViewService.swift in Sources */,
				B4A02DB72A5DBE9F00F83153 /* AppDelegate.swift in Sources */,
				B477E05A2AF2A0440035AFBF /* PresentationCollectionViewCell.swift in Sources */,
				B4A02DD82A5DC4E500F83153 /* PresentationViewController.swift in Sources */,
				B4A02DB92A5DBE9F00F83153 /* SceneDelegate.swift in Sources */,
				B4EAB80C2A695A75001144DA /* PresentationViewDao.swift in Sources */,
			);
			runOnlyForDeploymentPostprocessing = 0;
		};
/* End PBXSourcesBuildPhase section */

/* Begin PBXVariantGroup section */
		B4A02DBC2A5DBE9F00F83153 /* Main.storyboard */ = {
			isa = PBXVariantGroup;
			children = (
				B4A02DBD2A5DBE9F00F83153 /* Base */,
			);
			name = Main.storyboard;
			sourceTree = "<group>";
		};
		B4A02DC12A5DBEA100F83153 /* LaunchScreen.storyboard */ = {
			isa = PBXVariantGroup;
			children = (
				B4A02DC22A5DBEA100F83153 /* Base */,
			);
			name = LaunchScreen.storyboard;
			sourceTree = "<group>";
		};
/* End PBXVariantGroup section */

/* Begin XCBuildConfiguration section */
		B4A02DC52A5DBEA100F83153 /* Debug */ = {
			isa = XCBuildConfiguration;
			buildSettings = {
				ALWAYS_SEARCH_USER_PATHS = NO;
				CLANG_ANALYZER_NONNULL = YES;
				CLANG_ANALYZER_NUMBER_OBJECT_CONVERSION = YES_AGGRESSIVE;
				CLANG_CXX_LANGUAGE_STANDARD = "gnu++17";
				CLANG_ENABLE_MODULES = YES;
				CLANG_ENABLE_OBJC_ARC = YES;
				CLANG_ENABLE_OBJC_WEAK = YES;
				CLANG_WARN_BLOCK_CAPTURE_AUTORELEASING = YES;
				CLANG_WARN_BOOL_CONVERSION = YES;
				CLANG_WARN_COMMA = YES;
				CLANG_WARN_CONSTANT_CONVERSION = YES;
				CLANG_WARN_DEPRECATED_OBJC_IMPLEMENTATIONS = YES;
				CLANG_WARN_DIRECT_OBJC_ISA_USAGE = YES_ERROR;
				CLANG_WARN_DOCUMENTATION_COMMENTS = YES;
				CLANG_WARN_EMPTY_BODY = YES;
				CLANG_WARN_ENUM_CONVERSION = YES;
				CLANG_WARN_INFINITE_RECURSION = YES;
				CLANG_WARN_INT_CONVERSION = YES;
				CLANG_WARN_NON_LITERAL_NULL_CONVERSION = YES;
				CLANG_WARN_OBJC_IMPLICIT_RETAIN_SELF = YES;
				CLANG_WARN_OBJC_LITERAL_CONVERSION = YES;
				CLANG_WARN_OBJC_ROOT_CLASS = YES_ERROR;
				CLANG_WARN_QUOTED_INCLUDE_IN_FRAMEWORK_HEADER = YES;
				CLANG_WARN_RANGE_LOOP_ANALYSIS = YES;
				CLANG_WARN_STRICT_PROTOTYPES = YES;
				CLANG_WARN_SUSPICIOUS_MOVE = YES;
				CLANG_WARN_UNGUARDED_AVAILABILITY = YES_AGGRESSIVE;
				CLANG_WARN_UNREACHABLE_CODE = YES;
				CLANG_WARN__DUPLICATE_METHOD_MATCH = YES;
				COPY_PHASE_STRIP = NO;
				DEBUG_INFORMATION_FORMAT = dwarf;
				ENABLE_STRICT_OBJC_MSGSEND = YES;
				ENABLE_TESTABILITY = YES;
				GCC_C_LANGUAGE_STANDARD = gnu11;
				GCC_DYNAMIC_NO_PIC = NO;
				GCC_NO_COMMON_BLOCKS = YES;
				GCC_OPTIMIZATION_LEVEL = 0;
				GCC_PREPROCESSOR_DEFINITIONS = (
					"DEBUG=1",
					"$(inherited)",
				);
				GCC_WARN_64_TO_32_BIT_CONVERSION = YES;
				GCC_WARN_ABOUT_RETURN_TYPE = YES_ERROR;
				GCC_WARN_UNDECLARED_SELECTOR = YES;
				GCC_WARN_UNINITIALIZED_AUTOS = YES_AGGRESSIVE;
				GCC_WARN_UNUSED_FUNCTION = YES;
				GCC_WARN_UNUSED_VARIABLE = YES;
				IPHONEOS_DEPLOYMENT_TARGET = 15.5;
				MTL_ENABLE_DEBUG_INFO = INCLUDE_SOURCE;
				MTL_FAST_MATH = YES;
				ONLY_ACTIVE_ARCH = YES;
				SDKROOT = iphoneos;
				SWIFT_ACTIVE_COMPILATION_CONDITIONS = DEBUG;
				SWIFT_OPTIMIZATION_LEVEL = "-Onone";
			};
			name = Debug;
		};
		B4A02DC62A5DBEA100F83153 /* Release */ = {
			isa = XCBuildConfiguration;
			buildSettings = {
				ALWAYS_SEARCH_USER_PATHS = NO;
				CLANG_ANALYZER_NONNULL = YES;
				CLANG_ANALYZER_NUMBER_OBJECT_CONVERSION = YES_AGGRESSIVE;
				CLANG_CXX_LANGUAGE_STANDARD = "gnu++17";
				CLANG_ENABLE_MODULES = YES;
				CLANG_ENABLE_OBJC_ARC = YES;
				CLANG_ENABLE_OBJC_WEAK = YES;
				CLANG_WARN_BLOCK_CAPTURE_AUTORELEASING = YES;
				CLANG_WARN_BOOL_CONVERSION = YES;
				CLANG_WARN_COMMA = YES;
				CLANG_WARN_CONSTANT_CONVERSION = YES;
				CLANG_WARN_DEPRECATED_OBJC_IMPLEMENTATIONS = YES;
				CLANG_WARN_DIRECT_OBJC_ISA_USAGE = YES_ERROR;
				CLANG_WARN_DOCUMENTATION_COMMENTS = YES;
				CLANG_WARN_EMPTY_BODY = YES;
				CLANG_WARN_ENUM_CONVERSION = YES;
				CLANG_WARN_INFINITE_RECURSION = YES;
				CLANG_WARN_INT_CONVERSION = YES;
				CLANG_WARN_NON_LITERAL_NULL_CONVERSION = YES;
				CLANG_WARN_OBJC_IMPLICIT_RETAIN_SELF = YES;
				CLANG_WARN_OBJC_LITERAL_CONVERSION = YES;
				CLANG_WARN_OBJC_ROOT_CLASS = YES_ERROR;
				CLANG_WARN_QUOTED_INCLUDE_IN_FRAMEWORK_HEADER = YES;
				CLANG_WARN_RANGE_LOOP_ANALYSIS = YES;
				CLANG_WARN_STRICT_PROTOTYPES = YES;
				CLANG_WARN_SUSPICIOUS_MOVE = YES;
				CLANG_WARN_UNGUARDED_AVAILABILITY = YES_AGGRESSIVE;
				CLANG_WARN_UNREACHABLE_CODE = YES;
				CLANG_WARN__DUPLICATE_METHOD_MATCH = YES;
				COPY_PHASE_STRIP = NO;
				DEBUG_INFORMATION_FORMAT = "dwarf-with-dsym";
				ENABLE_NS_ASSERTIONS = NO;
				ENABLE_STRICT_OBJC_MSGSEND = YES;
				GCC_C_LANGUAGE_STANDARD = gnu11;
				GCC_NO_COMMON_BLOCKS = YES;
				GCC_WARN_64_TO_32_BIT_CONVERSION = YES;
				GCC_WARN_ABOUT_RETURN_TYPE = YES_ERROR;
				GCC_WARN_UNDECLARED_SELECTOR = YES;
				GCC_WARN_UNINITIALIZED_AUTOS = YES_AGGRESSIVE;
				GCC_WARN_UNUSED_FUNCTION = YES;
				GCC_WARN_UNUSED_VARIABLE = YES;
				IPHONEOS_DEPLOYMENT_TARGET = 15.5;
				MTL_ENABLE_DEBUG_INFO = NO;
				MTL_FAST_MATH = YES;
				SDKROOT = iphoneos;
				SWIFT_COMPILATION_MODE = wholemodule;
				SWIFT_OPTIMIZATION_LEVEL = "-O";
				VALIDATE_PRODUCT = YES;
			};
			name = Release;
		};
		B4A02DC82A5DBEA100F83153 /* Debug */ = {
			isa = XCBuildConfiguration;
			buildSettings = {
				ASSETCATALOG_COMPILER_APPICON_NAME = AppIcon;
				ASSETCATALOG_COMPILER_GLOBAL_ACCENT_COLOR_NAME = AccentColor;
				CODE_SIGN_ENTITLEMENTS = IgorTestApp/IgorTestApp.entitlements;
				CODE_SIGN_IDENTITY = "Apple Development";
				CODE_SIGN_STYLE = Automatic;
				CURRENT_PROJECT_VERSION = 1;
				DEVELOPMENT_TEAM = 8YWRL64VCF;
				GENERATE_INFOPLIST_FILE = YES;
				INFOPLIST_FILE = IgorTestApp/Info.plist;
				INFOPLIST_KEY_UIApplicationSupportsIndirectInputEvents = YES;
				INFOPLIST_KEY_UILaunchStoryboardName = LaunchScreen;
				INFOPLIST_KEY_UIMainStoryboardFile = Main;
				INFOPLIST_KEY_UISupportedInterfaceOrientations_iPad = "UIInterfaceOrientationPortrait UIInterfaceOrientationPortraitUpsideDown UIInterfaceOrientationLandscapeLeft UIInterfaceOrientationLandscapeRight";
				INFOPLIST_KEY_UISupportedInterfaceOrientations_iPhone = "UIInterfaceOrientationPortrait UIInterfaceOrientationLandscapeLeft UIInterfaceOrientationLandscapeRight";
				LD_RUNPATH_SEARCH_PATHS = (
					"$(inherited)",
					"@executable_path/Frameworks",
				);
				MARKETING_VERSION = 1.0;
				PRODUCT_BUNDLE_IDENTIFIER = EfeAdzhar.IgorTestApp;
				PRODUCT_NAME = "$(TARGET_NAME)";
				PROVISIONING_PROFILE_SPECIFIER = "";
				SWIFT_EMIT_LOC_STRINGS = YES;
				SWIFT_VERSION = 5.0;
				TARGETED_DEVICE_FAMILY = "1,2";
			};
			name = Debug;
		};
		B4A02DC92A5DBEA100F83153 /* Release */ = {
			isa = XCBuildConfiguration;
			buildSettings = {
				ASSETCATALOG_COMPILER_APPICON_NAME = AppIcon;
				ASSETCATALOG_COMPILER_GLOBAL_ACCENT_COLOR_NAME = AccentColor;
				CODE_SIGN_ENTITLEMENTS = IgorTestApp/IgorTestAppRelease.entitlements;
				CODE_SIGN_IDENTITY = "Apple Development";
				CODE_SIGN_STYLE = Automatic;
				CURRENT_PROJECT_VERSION = 1;
				DEVELOPMENT_TEAM = 8YWRL64VCF;
				GENERATE_INFOPLIST_FILE = YES;
				INFOPLIST_FILE = IgorTestApp/Info.plist;
				INFOPLIST_KEY_UIApplicationSupportsIndirectInputEvents = YES;
				INFOPLIST_KEY_UILaunchStoryboardName = LaunchScreen;
				INFOPLIST_KEY_UIMainStoryboardFile = Main;
				INFOPLIST_KEY_UISupportedInterfaceOrientations_iPad = "UIInterfaceOrientationPortrait UIInterfaceOrientationPortraitUpsideDown UIInterfaceOrientationLandscapeLeft UIInterfaceOrientationLandscapeRight";
				INFOPLIST_KEY_UISupportedInterfaceOrientations_iPhone = "UIInterfaceOrientationPortrait UIInterfaceOrientationLandscapeLeft UIInterfaceOrientationLandscapeRight";
				LD_RUNPATH_SEARCH_PATHS = (
					"$(inherited)",
					"@executable_path/Frameworks",
				);
				MARKETING_VERSION = 1.0;
				PRODUCT_BUNDLE_IDENTIFIER = EfeAdzhar.IgorTestApp;
				PRODUCT_NAME = "$(TARGET_NAME)";
				PROVISIONING_PROFILE_SPECIFIER = "";
				SWIFT_EMIT_LOC_STRINGS = YES;
				SWIFT_VERSION = 5.0;
				TARGETED_DEVICE_FAMILY = "1,2";
			};
			name = Release;
		};
/* End XCBuildConfiguration section */

/* Begin XCConfigurationList section */
		B4A02DAE2A5DBE9F00F83153 /* Build configuration list for PBXProject "IgorTestApp" */ = {
			isa = XCConfigurationList;
			buildConfigurations = (
				B4A02DC52A5DBEA100F83153 /* Debug */,
				B4A02DC62A5DBEA100F83153 /* Release */,
			);
			defaultConfigurationIsVisible = 0;
			defaultConfigurationName = Release;
		};
		B4A02DC72A5DBEA100F83153 /* Build configuration list for PBXNativeTarget "IgorTestApp" */ = {
			isa = XCConfigurationList;
			buildConfigurations = (
				B4A02DC82A5DBEA100F83153 /* Debug */,
				B4A02DC92A5DBEA100F83153 /* Release */,
			);
			defaultConfigurationIsVisible = 0;
			defaultConfigurationName = Release;
		};
/* End XCConfigurationList section */

/* Begin XCRemoteSwiftPackageReference section */
		B477E0602AF2C79D0035AFBF /* XCRemoteSwiftPackageReference "swift-collections" */ = {
			isa = XCRemoteSwiftPackageReference;
			repositoryURL = "https://github.com/apple/swift-collections.git";
			requirement = {
				kind = upToNextMajorVersion;
				minimumVersion = 1.0.0;
			};
		};
/* End XCRemoteSwiftPackageReference section */

/* Begin XCSwiftPackageProductDependency section */
		B477E0612AF2C79D0035AFBF /* OrderedCollections */ = {
			isa = XCSwiftPackageProductDependency;
			package = B477E0602AF2C79D0035AFBF /* XCRemoteSwiftPackageReference "swift-collections" */;
			productName = OrderedCollections;
		};
/* End XCSwiftPackageProductDependency section */
	};
	rootObject = B4A02DAB2A5DBE9F00F83153 /* Project object */;
}
